# THIS IS AN AUTOGENERATED FILE. DO NOT EDIT THIS FILE DIRECTLY.
# yarn lockfile v1


"@types/prop-types@*":
  version "15.5.8"
  resolved "https://registry.yarnpkg.com/@types/prop-types/-/prop-types-15.5.8.tgz#8ae4e0ea205fe95c3901a5a1df7f66495e3a56ce"
  integrity sha512-3AQoUxQcQtLHsK25wtTWIoIpgYjH3vSDroZOUr7PpCHw/jLY1RB9z9E8dBT/OSmwStVgkRNvdh+ZHNiomRieaw==

"@types/react@^16.7.17":
  version "16.7.17"
  resolved "https://registry.yarnpkg.com/@types/react/-/react-16.7.17.tgz#3242e796a1ffbba4f49eae5915a67f4c079504e9"
  integrity sha512-YcXcaoXaxo7A76mBCGlKlN2aZu3REQfF0DTrhiyXVJLA7PDdxVCr+wiQOrkVNn44D/zLlIyDSn3U918Ve0AaEA==
  dependencies:
    "@types/prop-types" "*"
    csstype "^2.2.0"

csstype@^2.2.0:
  version "2.5.8"
  resolved "https://registry.yarnpkg.com/csstype/-/csstype-2.5.8.tgz#4ce5aa16ea0d562ef9105fa3ae2676f199586a35"
  integrity sha512-r4DbsyNJ7slwBSKoGesxDubRWJ71ghG8W2+1HcsDlAo12KGca9dDLv0u98tfdFw7ldBdoA7XmCnI6Q8LpAJXaQ==

immer@^1.8.2:
  version "1.8.2"
  resolved "https://registry.yarnpkg.com/immer/-/immer-1.8.2.tgz#111e9c9e6832c833868f3f6481758a421f63f403"
  integrity sha512-uP9EI4hmRTlZ+d4YYmd7JMlxf8I3KPHnvWfLNjpOv/cQNRV/dKHL8L3cZ7z6OCuRQnK59Uu5LJr/KxViqAiEQQ==

tslib@^1.9.3:
  version "1.9.3"
  resolved "https://registry.yarnpkg.com/tslib/-/tslib-1.9.3.tgz#d7e4dd79245d85428c4d7e4822a79917954ca286"
  integrity sha512-4krF8scpejhaOgqzBEcGM7yDIEfi0/8+8zDRZhNZZ2kjmHJ4hv3zCbQWxoJGz1iw5U0Jl0nma13xzHXcncMavQ==
